
Microsoft Visual Studio Solution File, Format Version 12.00
# Visual Studio Version 16
VisualStudioVersion = 16.0.809.4
MinimumVisualStudioVersion = 10.0.40219.1
Project("{FAE04EC0-301F-11D3-BF4B-00C04F79EFBC}") = "schoolRateTryOut", "schoolRateTryOut\schoolRateTryOut.csproj", "{4389EFCF-34BB-448E-BBE2-E1597DD983D8}"
EndProject
Global
	GlobalSection(SolutionConfigurationPlatforms) = preSolution
		Debug|Any CPU = Debug|Any CPU
		Release|Any CPU = Release|Any CPU
	EndGlobalSection
	GlobalSection(ProjectConfigurationPlatforms) = postSolution
		{4389EFCF-34BB-448E-BBE2-E1597DD983D8}.Debug|Any CPU.ActiveCfg = Debug|Any CPU
		{4389EFCF-34BB-448E-BBE2-E1597DD983D8}.Debug|Any CPU.Build.0 = Debug|Any CPU
		{4389EFCF-34BB-448E-BBE2-E1597DD983D8}.Release|Any CPU.ActiveCfg = Release|Any CPU
		{4389EFCF-34BB-448E-BBE2-E1597DD983D8}.Release|Any CPU.Build.0 = Release|Any CPU
	EndGlobalSection
	GlobalSection(SolutionProperties) = preSolution
		HideSolutionNode = FALSE
	EndGlobalSection
	GlobalSection(ExtensibilityGlobals) = postSolution
		SolutionGuid = {7BFE973C-9208-4616-B30D-41A09F652B13}
	EndGlobalSection
EndGlobal
